
Microsoft Visual Studio Solution File, Format Version 12.00
# Visual Studio Version 17
VisualStudioVersion = 17.14.36221.1
MinimumVisualStudioVersion = 10.0.40219.1
Project("{FAE04EC0-301F-11D3-BF4B-00C04F79EFBC}") = "IGBARAS WATER DISTRICT", "IGBARAS WATER DISTRICT\IGBARAS WATER DISTRICT.csproj", "{2ABEEF29-5518-46CE-B120-DB5415998A51}"
EndProject
Global
	GlobalSection(SolutionConfigurationPlatforms) = preSolution
		Debug|Any CPU = Debug|Any CPU
		Debug|x86 = Debug|x86
		Release|Any CPU = Release|Any CPU
		Release|x86 = Release|x86
	EndGlobalSection
	GlobalSection(ProjectConfigurationPlatforms) = postSolution
		{2ABEEF29-5518-46CE-B120-DB5415998A51}.Debug|Any CPU.ActiveCfg = Debug|Any CPU
		{2ABEEF29-5518-46CE-B120-DB5415998A51}.Debug|Any CPU.Build.0 = Debug|Any CPU
		{2ABEEF29-5518-46CE-B120-DB5415998A51}.Debug|x86.ActiveCfg = Debug|x86
		{2ABEEF29-5518-46CE-B120-DB5415998A51}.Debug|x86.Build.0 = Debug|x86
		{2ABEEF29-5518-46CE-B120-DB5415998A51}.Release|Any CPU.ActiveCfg = Release|Any CPU
		{2ABEEF29-5518-46CE-B120-DB5415998A51}.Release|Any CPU.Build.0 = Release|Any CPU
		{2ABEEF29-5518-46CE-B120-DB5415998A51}.Release|x86.ActiveCfg = Release|x86
		{2ABEEF29-5518-46CE-B120-DB5415998A51}.Release|x86.Build.0 = Release|x86
	EndGlobalSection
	GlobalSection(SolutionProperties) = preSolution
		HideSolutionNode = FALSE
	EndGlobalSection
	GlobalSection(ExtensibilityGlobals) = postSolution
		SolutionGuid = {59DC6B06-D0EE-4ACF-9D2B-44A61E1761BE}
	EndGlobalSection
EndGlobal
